
Microsoft Visual Studio Solution File, Format Version 12.00
# Visual Studio Version 16
VisualStudioVersion = 16.0.30621.155
MinimumVisualStudioVersion = 10.0.40219.1
Project("{FAE04EC0-301F-11D3-BF4B-00C04F79EFBC}") = "Waybil_work", "Waybil_work\Waybil_work.csproj", "{B64A9C32-34E9-484C-BD42-1D92047B12F8}"
EndProject
Global
	GlobalSection(SolutionConfigurationPlatforms) = preSolution
		Debug|Any CPU = Debug|Any CPU
		Release|Any CPU = Release|Any CPU
	EndGlobalSection
	GlobalSection(ProjectConfigurationPlatforms) = postSolution
		{B64A9C32-34E9-484C-BD42-1D92047B12F8}.Debug|Any CPU.ActiveCfg = Debug|Any CPU
		{B64A9C32-34E9-484C-BD42-1D92047B12F8}.Debug|Any CPU.Build.0 = Debug|Any CPU
		{B64A9C32-34E9-484C-BD42-1D92047B12F8}.Release|Any CPU.ActiveCfg = Release|Any CPU
		{B64A9C32-34E9-484C-BD42-1D92047B12F8}.Release|Any CPU.Build.0 = Release|Any CPU
	EndGlobalSection
	GlobalSection(SolutionProperties) = preSolution
		HideSolutionNode = FALSE
	EndGlobalSection
	GlobalSection(ExtensibilityGlobals) = postSolution
		SolutionGuid = {22F50006-D363-44DD-A04B-BE218F1493B6}
	EndGlobalSection
EndGlobal
